
Microsoft Visual Studio Solution File, Format Version 12.00
# Visual Studio Version 17
VisualStudioVersion = 17.0.31903.59
MinimumVisualStudioVersion = 10.0.40219.1
Project("{2150E333-8FDC-42A3-9474-1A3956D46DE8}") = "src", "src", "{827E0CD3-B72D-47B6-A68D-7590B98EB39B}"
EndProject
Project("{FAE04EC0-301F-11D3-BF4B-00C04F79EFBC}") = "M365Collector.Contracts", "src\M365Collector.Contracts\M365Collector.Contracts.csproj", "{DC597E95-3803-4F3B-B94F-1246548E792D}"
EndProject
Project("{FAE04EC0-301F-11D3-BF4B-00C04F79EFBC}") = "M365Collector.Core", "src\M365Collector.Core\M365Collector.Core.csproj", "{B0C3F3B2-B977-473F-9A9D-98F3E6F25A6D}"
EndProject
Project("{FAE04EC0-301F-11D3-BF4B-00C04F79EFBC}") = "M365Collector.Entra", "src\M365Collector.Entra\M365Collector.Entra.csproj", "{A28F144D-7BD3-4EDC-B054-408B349745B1}"
EndProject
Project("{FAE04EC0-301F-11D3-BF4B-00C04F79EFBC}") = "M365Collector.Security", "src\M365Collector.Security\M365Collector.Security.csproj", "{CFFCC299-B553-4A87-9963-4C5DFF4C691D}"
EndProject
Project("{FAE04EC0-301F-11D3-BF4B-00C04F79EFBC}") = "M365Collector.Storage", "src\M365Collector.Storage\M365Collector.Storage.csproj", "{7A828A94-7401-4378-96D9-96868C816556}"
EndProject
Project("{FAE04EC0-301F-11D3-BF4B-00C04F79EFBC}") = "M365Collector.GUI", "src\M365Collector.GUI\M365Collector.GUI.csproj", "{325D5546-255C-47E3-9CE6-0F32E1E26E21}"
EndProject
Project("{FAE04EC0-301F-11D3-BF4B-00C04F79EFBC}") = "M365Collector.Modules.TenantIdentity", "src\M365Collector.Modules.TenantIdentity\M365Collector.Modules.TenantIdentity.csproj", "{2DD1B9AC-6D5B-40B6-A314-C3F0AE2E610C}"
EndProject
Project("{FAE04EC0-301F-11D3-BF4B-00C04F79EFBC}") = "M365Collector.Service", "src\M365Collector.Service\M365Collector.Service.csproj", "{A3247868-377D-411E-A789-0C8133F5647E}"
EndProject
Project("{FAE04EC0-301F-11D3-BF4B-00C04F79EFBC}") = "M365Collector.Updater", "src\M365Collector.Updater\M365Collector.Updater.csproj", "{B79BB51E-F102-4704-AE93-A0A652956A4C}"
EndProject
Project("{2150E333-8FDC-42A3-9474-1A3956D46DE8}") = "tests", "tests", "{0AB3BF05-4346-4AA6-1389-037BE0695223}"
EndProject
Project("{FAE04EC0-301F-11D3-BF4B-00C04F79EFBC}") = "M365Collector.Tests", "tests\M365Collector.Tests\M365Collector.Tests.csproj", "{A2E64511-1DE4-4C04-818A-C33718717AA0}"
EndProject
Project("{FAE04EC0-301F-11D3-BF4B-00C04F79EFBC}") = "M365Collector.Modules.SignInActivity", "src\M365Collector.Modules.SignInActivity\M365Collector.Modules.SignInActivity.csproj", "{7DF4DB31-8FF1-4CE1-A7AB-061D9FECDF77}"
EndProject
Project("{FAE04EC0-301F-11D3-BF4B-00C04F79EFBC}") = "M365Collector.Modules.DirectoryChanges", "src\M365Collector.Modules.DirectoryChanges\M365Collector.Modules.DirectoryChanges.csproj", "{5F8E677E-1A68-42B0-8740-EC680B81BFBD}"
EndProject
Project("{FAE04EC0-301F-11D3-BF4B-00C04F79EFBC}") = "M365Collector.Modules.UnifiedAudit", "src\M365Collector.Modules.UnifiedAudit\M365Collector.Modules.UnifiedAudit.csproj", "{C16A1738-E3E8-4CC7-A469-7B80580E5546}"
EndProject
Global
	GlobalSection(SolutionConfigurationPlatforms) = preSolution
		Debug|Any CPU = Debug|Any CPU
		Debug|x64 = Debug|x64
		Debug|x86 = Debug|x86
		Release|Any CPU = Release|Any CPU
		Release|x64 = Release|x64
		Release|x86 = Release|x86
	EndGlobalSection
	GlobalSection(ProjectConfigurationPlatforms) = postSolution
		{DC597E95-3803-4F3B-B94F-1246548E792D}.Debug|Any CPU.ActiveCfg = Debug|Any CPU
		{DC597E95-3803-4F3B-B94F-1246548E792D}.Debug|Any CPU.Build.0 = Debug|Any CPU
		{DC597E95-3803-4F3B-B94F-1246548E792D}.Debug|x64.ActiveCfg = Debug|Any CPU
		{DC597E95-3803-4F3B-B94F-1246548E792D}.Debug|x64.Build.0 = Debug|Any CPU
		{DC597E95-3803-4F3B-B94F-1246548E792D}.Debug|x86.ActiveCfg = Debug|Any CPU
		{DC597E95-3803-4F3B-B94F-1246548E792D}.Debug|x86.Build.0 = Debug|Any CPU
		{DC597E95-3803-4F3B-B94F-1246548E792D}.Release|Any CPU.ActiveCfg = Release|Any CPU
		{DC597E95-3803-4F3B-B94F-1246548E792D}.Release|Any CPU.Build.0 = Release|Any CPU
		{DC597E95-3803-4F3B-B94F-1246548E792D}.Release|x64.ActiveCfg = Release|Any CPU
		{DC597E95-3803-4F3B-B94F-1246548E792D}.Release|x64.Build.0 = Release|Any CPU
		{DC597E95-3803-4F3B-B94F-1246548E792D}.Release|x86.ActiveCfg = Release|Any CPU
		{DC597E95-3803-4F3B-B94F-1246548E792D}.Release|x86.Build.0 = Release|Any CPU
		{B0C3F3B2-B977-473F-9A9D-98F3E6F25A6D}.Debug|Any CPU.ActiveCfg = Debug|Any CPU
		{B0C3F3B2-B977-473F-9A9D-98F3E6F25A6D}.Debug|Any CPU.Build.0 = Debug|Any CPU
		{B0C3F3B2-B977-473F-9A9D-98F3E6F25A6D}.Debug|x64.ActiveCfg = Debug|Any CPU
		{B0C3F3B2-B977-473F-9A9D-98F3E6F25A6D}.Debug|x64.Build.0 = Debug|Any CPU
		{B0C3F3B2-B977-473F-9A9D-98F3E6F25A6D}.Debug|x86.ActiveCfg = Debug|Any CPU
		{B0C3F3B2-B977-473F-9A9D-98F3E6F25A6D}.Debug|x86.Build.0 = Debug|Any CPU
		{B0C3F3B2-B977-473F-9A9D-98F3E6F25A6D}.Release|Any CPU.ActiveCfg = Release|Any CPU
		{B0C3F3B2-B977-473F-9A9D-98F3E6F25A6D}.Release|Any CPU.Build.0 = Release|Any CPU
		{B0C3F3B2-B977-473F-9A9D-98F3E6F25A6D}.Release|x64.ActiveCfg = Release|Any CPU
		{B0C3F3B2-B977-473F-9A9D-98F3E6F25A6D}.Release|x64.Build.0 = Release|Any CPU
		{B0C3F3B2-B977-473F-9A9D-98F3E6F25A6D}.Release|x86.ActiveCfg = Release|Any CPU
		{B0C3F3B2-B977-473F-9A9D-98F3E6F25A6D}.Release|x86.Build.0 = Release|Any CPU
		{A28F144D-7BD3-4EDC-B054-408B349745B1}.Debug|Any CPU.ActiveCfg = Debug|Any CPU
		{A28F144D-7BD3-4EDC-B054-408B349745B1}.Debug|Any CPU.Build.0 = Debug|Any CPU
		{A28F144D-7BD3-4EDC-B054-408B349745B1}.Debug|x64.ActiveCfg = Debug|Any CPU
		{A28F144D-7BD3-4EDC-B054-408B349745B1}.Debug|x64.Build.0 = Debug|Any CPU
		{A28F144D-7BD3-4EDC-B054-408B349745B1}.Debug|x86.ActiveCfg = Debug|Any CPU
		{A28F144D-7BD3-4EDC-B054-408B349745B1}.Debug|x86.Build.0 = Debug|Any CPU
		{A28F144D-7BD3-4EDC-B054-408B349745B1}.Release|Any CPU.ActiveCfg = Release|Any CPU
		{A28F144D-7BD3-4EDC-B054-408B349745B1}.Release|Any CPU.Build.0 = Release|Any CPU
		{A28F144D-7BD3-4EDC-B054-408B349745B1}.Release|x64.ActiveCfg = Release|Any CPU
		{A28F144D-7BD3-4EDC-B054-408B349745B1}.Release|x64.Build.0 = Release|Any CPU
		{A28F144D-7BD3-4EDC-B054-408B349745B1}.Release|x86.ActiveCfg = Release|Any CPU
		{A28F144D-7BD3-4EDC-B054-408B349745B1}.Release|x86.Build.0 = Release|Any CPU
		{CFFCC299-B553-4A87-9963-4C5DFF4C691D}.Debug|Any CPU.ActiveCfg = Debug|Any CPU
		{CFFCC299-B553-4A87-9963-4C5DFF4C691D}.Debug|Any CPU.Build.0 = Debug|Any CPU
		{CFFCC299-B553-4A87-9963-4C5DFF4C691D}.Debug|x64.ActiveCfg = Debug|Any CPU
		{CFFCC299-B553-4A87-9963-4C5DFF4C691D}.Debug|x64.Build.0 = Debug|Any CPU
		{CFFCC299-B553-4A87-9963-4C5DFF4C691D}.Debug|x86.ActiveCfg = Debug|Any CPU
		{CFFCC299-B553-4A87-9963-4C5DFF4C691D}.Debug|x86.Build.0 = Debug|Any CPU
		{CFFCC299-B553-4A87-9963-4C5DFF4C691D}.Release|Any CPU.ActiveCfg = Release|Any CPU
		{CFFCC299-B553-4A87-9963-4C5DFF4C691D}.Release|Any CPU.Build.0 = Release|Any CPU
		{CFFCC299-B553-4A87-9963-4C5DFF4C691D}.Release|x64.ActiveCfg = Release|Any CPU
		{CFFCC299-B553-4A87-9963-4C5DFF4C691D}.Release|x64.Build.0 = Release|Any CPU
		{CFFCC299-B553-4A87-9963-4C5DFF4C691D}.Release|x86.ActiveCfg = Release|Any CPU
		{CFFCC299-B553-4A87-9963-4C5DFF4C691D}.Release|x86.Build.0 = Release|Any CPU
		{7A828A94-7401-4378-96D9-96868C816556}.Debug|Any CPU.ActiveCfg = Debug|Any CPU
		{7A828A94-7401-4378-96D9-96868C816556}.Debug|Any CPU.Build.0 = Debug|Any CPU
		{7A828A94-7401-4378-96D9-96868C816556}.Debug|x64.ActiveCfg = Debug|Any CPU
		{7A828A94-7401-4378-96D9-96868C816556}.Debug|x64.Build.0 = Debug|Any CPU
		{7A828A94-7401-4378-96D9-96868C816556}.Debug|x86.ActiveCfg = Debug|Any CPU
		{7A828A94-7401-4378-96D9-96868C816556}.Debug|x86.Build.0 = Debug|Any CPU
		{7A828A94-7401-4378-96D9-96868C816556}.Release|Any CPU.ActiveCfg = Release|Any CPU
		{7A828A94-7401-4378-96D9-96868C816556}.Release|Any CPU.Build.0 = Release|Any CPU
		{7A828A94-7401-4378-96D9-96868C816556}.Release|x64.ActiveCfg = Release|Any CPU
		{7A828A94-7401-4378-96D9-96868C816556}.Release|x64.Build.0 = Release|Any CPU
		{7A828A94-7401-4378-96D9-96868C816556}.Release|x86.ActiveCfg = Release|Any CPU
		{7A828A94-7401-4378-96D9-96868C816556}.Release|x86.Build.0 = Release|Any CPU
		{325D5546-255C-47E3-9CE6-0F32E1E26E21}.Debug|Any CPU.ActiveCfg = Debug|Any CPU
		{325D5546-255C-47E3-9CE6-0F32E1E26E21}.Debug|Any CPU.Build.0 = Debug|Any CPU
		{325D5546-255C-47E3-9CE6-0F32E1E26E21}.Debug|x64.ActiveCfg = Debug|Any CPU
		{325D5546-255C-47E3-9CE6-0F32E1E26E21}.Debug|x64.Build.0 = Debug|Any CPU
		{325D5546-255C-47E3-9CE6-0F32E1E26E21}.Debug|x86.ActiveCfg = Debug|Any CPU
		{325D5546-255C-47E3-9CE6-0F32E1E26E21}.Debug|x86.Build.0 = Debug|Any CPU
		{325D5546-255C-47E3-9CE6-0F32E1E26E21}.Release|Any CPU.ActiveCfg = Release|Any CPU
		{325D5546-255C-47E3-9CE6-0F32E1E26E21}.Release|Any CPU.Build.0 = Release|Any CPU
		{325D5546-255C-47E3-9CE6-0F32E1E26E21}.Release|x64.ActiveCfg = Release|Any CPU
		{325D5546-255C-47E3-9CE6-0F32E1E26E21}.Release|x64.Build.0 = Release|Any CPU
		{325D5546-255C-47E3-9CE6-0F32E1E26E21}.Release|x86.ActiveCfg = Release|Any CPU
		{325D5546-255C-47E3-9CE6-0F32E1E26E21}.Release|x86.Build.0 = Release|Any CPU
		{2DD1B9AC-6D5B-40B6-A314-C3F0AE2E610C}.Debug|Any CPU.ActiveCfg = Debug|Any CPU
		{2DD1B9AC-6D5B-40B6-A314-C3F0AE2E610C}.Debug|Any CPU.Build.0 = Debug|Any CPU
		{2DD1B9AC-6D5B-40B6-A314-C3F0AE2E610C}.Debug|x64.ActiveCfg = Debug|Any CPU
		{2DD1B9AC-6D5B-40B6-A314-C3F0AE2E610C}.Debug|x64.Build.0 = Debug|Any CPU
		{2DD1B9AC-6D5B-40B6-A314-C3F0AE2E610C}.Debug|x86.ActiveCfg = Debug|Any CPU
		{2DD1B9AC-6D5B-40B6-A314-C3F0AE2E610C}.Debug|x86.Build.0 = Debug|Any CPU
		{2DD1B9AC-6D5B-40B6-A314-C3F0AE2E610C}.Release|Any CPU.ActiveCfg = Release|Any CPU
		{2DD1B9AC-6D5B-40B6-A314-C3F0AE2E610C}.Release|Any CPU.Build.0 = Release|Any CPU
		{2DD1B9AC-6D5B-40B6-A314-C3F0AE2E610C}.Release|x64.ActiveCfg = Release|Any CPU
		{2DD1B9AC-6D5B-40B6-A314-C3F0AE2E610C}.Release|x64.Build.0 = Release|Any CPU
		{2DD1B9AC-6D5B-40B6-A314-C3F0AE2E610C}.Release|x86.ActiveCfg = Release|Any CPU
		{2DD1B9AC-6D5B-40B6-A314-C3F0AE2E610C}.Release|x86.Build.0 = Release|Any CPU
		{A3247868-377D-411E-A789-0C8133F5647E}.Debug|Any CPU.ActiveCfg = Debug|Any CPU
		{A3247868-377D-411E-A789-0C8133F5647E}.Debug|Any CPU.Build.0 = Debug|Any CPU
		{A3247868-377D-411E-A789-0C8133F5647E}.Debug|x64.ActiveCfg = Debug|Any CPU
		{A3247868-377D-411E-A789-0C8133F5647E}.Debug|x64.Build.0 = Debug|Any CPU
		{A3247868-377D-411E-A789-0C8133F5647E}.Debug|x86.ActiveCfg = Debug|Any CPU
		{A3247868-377D-411E-A789-0C8133F5647E}.Debug|x86.Build.0 = Debug|Any CPU
		{A3247868-377D-411E-A789-0C8133F5647E}.Release|Any CPU.ActiveCfg = Release|Any CPU
		{A3247868-377D-411E-A789-0C8133F5647E}.Release|Any CPU.Build.0 = Release|Any CPU
		{A3247868-377D-411E-A789-0C8133F5647E}.Release|x64.ActiveCfg = Release|Any CPU
		{A3247868-377D-411E-A789-0C8133F5647E}.Release|x64.Build.0 = Release|Any CPU
		{A3247868-377D-411E-A789-0C8133F5647E}.Release|x86.ActiveCfg = Release|Any CPU
		{A3247868-377D-411E-A789-0C8133F5647E}.Release|x86.Build.0 = Release|Any CPU
		{B79BB51E-F102-4704-AE93-A0A652956A4C}.Debug|Any CPU.ActiveCfg = Debug|Any CPU
		{B79BB51E-F102-4704-AE93-A0A652956A4C}.Debug|Any CPU.Build.0 = Debug|Any CPU
		{B79BB51E-F102-4704-AE93-A0A652956A4C}.Debug|x64.ActiveCfg = Debug|Any CPU
		{B79BB51E-F102-4704-AE93-A0A652956A4C}.Debug|x64.Build.0 = Debug|Any CPU
		{B79BB51E-F102-4704-AE93-A0A652956A4C}.Debug|x86.ActiveCfg = Debug|Any CPU
		{B79BB51E-F102-4704-AE93-A0A652956A4C}.Debug|x86.Build.0 = Debug|Any CPU
		{B79BB51E-F102-4704-AE93-A0A652956A4C}.Release|Any CPU.ActiveCfg = Release|Any CPU
		{B79BB51E-F102-4704-AE93-A0A652956A4C}.Release|Any CPU.Build.0 = Release|Any CPU
		{B79BB51E-F102-4704-AE93-A0A652956A4C}.Release|x64.ActiveCfg = Release|Any CPU
		{B79BB51E-F102-4704-AE93-A0A652956A4C}.Release|x64.Build.0 = Release|Any CPU
		{B79BB51E-F102-4704-AE93-A0A652956A4C}.Release|x86.ActiveCfg = Release|Any CPU
		{B79BB51E-F102-4704-AE93-A0A652956A4C}.Release|x86.Build.0 = Release|Any CPU
		{A2E64511-1DE4-4C04-818A-C33718717AA0}.Debug|Any CPU.ActiveCfg = Debug|Any CPU
		{A2E64511-1DE4-4C04-818A-C33718717AA0}.Debug|Any CPU.Build.0 = Debug|Any CPU
		{A2E64511-1DE4-4C04-818A-C33718717AA0}.Debug|x64.ActiveCfg = Debug|Any CPU
		{A2E64511-1DE4-4C04-818A-C33718717AA0}.Debug|x64.Build.0 = Debug|Any CPU
		{A2E64511-1DE4-4C04-818A-C33718717AA0}.Debug|x86.ActiveCfg = Debug|Any CPU
		{A2E64511-1DE4-4C04-818A-C33718717AA0}.Debug|x86.Build.0 = Debug|Any CPU
		{A2E64511-1DE4-4C04-818A-C33718717AA0}.Release|Any CPU.ActiveCfg = Release|Any CPU
		{A2E64511-1DE4-4C04-818A-C33718717AA0}.Release|Any CPU.Build.0 = Release|Any CPU
		{A2E64511-1DE4-4C04-818A-C33718717AA0}.Release|x64.ActiveCfg = Release|Any CPU
		{A2E64511-1DE4-4C04-818A-C33718717AA0}.Release|x64.Build.0 = Release|Any CPU
		{A2E64511-1DE4-4C04-818A-C33718717AA0}.Release|x86.ActiveCfg = Release|Any CPU
		{A2E64511-1DE4-4C04-818A-C33718717AA0}.Release|x86.Build.0 = Release|Any CPU
		{7DF4DB31-8FF1-4CE1-A7AB-061D9FECDF77}.Debug|Any CPU.ActiveCfg = Debug|Any CPU
		{7DF4DB31-8FF1-4CE1-A7AB-061D9FECDF77}.Debug|Any CPU.Build.0 = Debug|Any CPU
		{7DF4DB31-8FF1-4CE1-A7AB-061D9FECDF77}.Debug|x64.ActiveCfg = Debug|Any CPU
		{7DF4DB31-8FF1-4CE1-A7AB-061D9FECDF77}.Debug|x64.Build.0 = Debug|Any CPU
		{7DF4DB31-8FF1-4CE1-A7AB-061D9FECDF77}.Debug|x86.ActiveCfg = Debug|Any CPU
		{7DF4DB31-8FF1-4CE1-A7AB-061D9FECDF77}.Debug|x86.Build.0 = Debug|Any CPU
		{7DF4DB31-8FF1-4CE1-A7AB-061D9FECDF77}.Release|Any CPU.ActiveCfg = Release|Any CPU
		{7DF4DB31-8FF1-4CE1-A7AB-061D9FECDF77}.Release|Any CPU.Build.0 = Release|Any CPU
		{7DF4DB31-8FF1-4CE1-A7AB-061D9FECDF77}.Release|x64.ActiveCfg = Release|Any CPU
		{7DF4DB31-8FF1-4CE1-A7AB-061D9FECDF77}.Release|x64.Build.0 = Release|Any CPU
		{7DF4DB31-8FF1-4CE1-A7AB-061D9FECDF77}.Release|x86.ActiveCfg = Release|Any CPU
		{7DF4DB31-8FF1-4CE1-A7AB-061D9FECDF77}.Release|x86.Build.0 = Release|Any CPU
		{5F8E677E-1A68-42B0-8740-EC680B81BFBD}.Debug|Any CPU.ActiveCfg = Debug|Any CPU
		{5F8E677E-1A68-42B0-8740-EC680B81BFBD}.Debug|Any CPU.Build.0 = Debug|Any CPU
		{5F8E677E-1A68-42B0-8740-EC680B81BFBD}.Debug|x64.ActiveCfg = Debug|Any CPU
		{5F8E677E-1A68-42B0-8740-EC680B81BFBD}.Debug|x64.Build.0 = Debug|Any CPU
		{5F8E677E-1A68-42B0-8740-EC680B81BFBD}.Debug|x86.ActiveCfg = Debug|Any CPU
		{5F8E677E-1A68-42B0-8740-EC680B81BFBD}.Debug|x86.Build.0 = Debug|Any CPU
		{5F8E677E-1A68-42B0-8740-EC680B81BFBD}.Release|Any CPU.ActiveCfg = Release|Any CPU
		{5F8E677E-1A68-42B0-8740-EC680B81BFBD}.Release|Any CPU.Build.0 = Release|Any CPU
		{5F8E677E-1A68-42B0-8740-EC680B81BFBD}.Release|x64.ActiveCfg = Release|Any CPU
		{5F8E677E-1A68-42B0-8740-EC680B81BFBD}.Release|x64.Build.0 = Release|Any CPU
		{5F8E677E-1A68-42B0-8740-EC680B81BFBD}.Release|x86.ActiveCfg = Release|Any CPU
		{5F8E677E-1A68-42B0-8740-EC680B81BFBD}.Release|x86.Build.0 = Release|Any CPU
		{C16A1738-E3E8-4CC7-A469-7B80580E5546}.Debug|Any CPU.ActiveCfg = Debug|Any CPU
		{C16A1738-E3E8-4CC7-A469-7B80580E5546}.Debug|Any CPU.Build.0 = Debug|Any CPU
		{C16A1738-E3E8-4CC7-A469-7B80580E5546}.Debug|x64.ActiveCfg = Debug|Any CPU
		{C16A1738-E3E8-4CC7-A469-7B80580E5546}.Debug|x64.Build.0 = Debug|Any CPU
		{C16A1738-E3E8-4CC7-A469-7B80580E5546}.Debug|x86.ActiveCfg = Debug|Any CPU
		{C16A1738-E3E8-4CC7-A469-7B80580E5546}.Debug|x86.Build.0 = Debug|Any CPU
		{C16A1738-E3E8-4CC7-A469-7B80580E5546}.Release|Any CPU.ActiveCfg = Release|Any CPU
		{C16A1738-E3E8-4CC7-A469-7B80580E5546}.Release|Any CPU.Build.0 = Release|Any CPU
		{C16A1738-E3E8-4CC7-A469-7B80580E5546}.Release|x64.ActiveCfg = Release|Any CPU
		{C16A1738-E3E8-4CC7-A469-7B80580E5546}.Release|x64.Build.0 = Release|Any CPU
		{C16A1738-E3E8-4CC7-A469-7B80580E5546}.Release|x86.ActiveCfg = Release|Any CPU
		{C16A1738-E3E8-4CC7-A469-7B80580E5546}.Release|x86.Build.0 = Release|Any CPU
	EndGlobalSection
	GlobalSection(SolutionProperties) = preSolution
		HideSolutionNode = FALSE
	EndGlobalSection
	GlobalSection(NestedProjects) = preSolution
		{DC597E95-3803-4F3B-B94F-1246548E792D} = {827E0CD3-B72D-47B6-A68D-7590B98EB39B}
		{B0C3F3B2-B977-473F-9A9D-98F3E6F25A6D} = {827E0CD3-B72D-47B6-A68D-7590B98EB39B}
		{A28F144D-7BD3-4EDC-B054-408B349745B1} = {827E0CD3-B72D-47B6-A68D-7590B98EB39B}
		{CFFCC299-B553-4A87-9963-4C5DFF4C691D} = {827E0CD3-B72D-47B6-A68D-7590B98EB39B}
		{7A828A94-7401-4378-96D9-96868C816556} = {827E0CD3-B72D-47B6-A68D-7590B98EB39B}
		{325D5546-255C-47E3-9CE6-0F32E1E26E21} = {827E0CD3-B72D-47B6-A68D-7590B98EB39B}
		{2DD1B9AC-6D5B-40B6-A314-C3F0AE2E610C} = {827E0CD3-B72D-47B6-A68D-7590B98EB39B}
		{A3247868-377D-411E-A789-0C8133F5647E} = {827E0CD3-B72D-47B6-A68D-7590B98EB39B}
		{B79BB51E-F102-4704-AE93-A0A652956A4C} = {827E0CD3-B72D-47B6-A68D-7590B98EB39B}
		{A2E64511-1DE4-4C04-818A-C33718717AA0} = {0AB3BF05-4346-4AA6-1389-037BE0695223}
		{7DF4DB31-8FF1-4CE1-A7AB-061D9FECDF77} = {827E0CD3-B72D-47B6-A68D-7590B98EB39B}
		{5F8E677E-1A68-42B0-8740-EC680B81BFBD} = {827E0CD3-B72D-47B6-A68D-7590B98EB39B}
		{C16A1738-E3E8-4CC7-A469-7B80580E5546} = {827E0CD3-B72D-47B6-A68D-7590B98EB39B}
	EndGlobalSection
EndGlobal
