
Microsoft Visual Studio Solution File, Format Version 12.00
# Visual Studio Version 17
VisualStudioVersion = 17.0.31903.59
MinimumVisualStudioVersion = 10.0.40219.1
Project("{2150E333-8FDC-42A3-9474-1A3956D46DE8}") = "src", "src", "{827E0CD3-B72D-47B6-A68D-7590B98EB39B}"
EndProject
Project("{FAE04EC0-301F-11D3-BF4B-00C04F79EFBC}") = "M365Collector.Contracts", "src\M365Collector.Contracts\M365Collector.Contracts.csproj", "{2EC702F6-107C-4B07-966E-B43565AA153F}"
EndProject
Project("{FAE04EC0-301F-11D3-BF4B-00C04F79EFBC}") = "M365Collector.Core", "src\M365Collector.Core\M365Collector.Core.csproj", "{D97ECF12-9319-4A34-B5AD-07A09834E5E9}"
EndProject
Project("{FAE04EC0-301F-11D3-BF4B-00C04F79EFBC}") = "M365Collector.Entra", "src\M365Collector.Entra\M365Collector.Entra.csproj", "{D34195AE-7F26-40F6-AC18-D017D3F34E56}"
EndProject
Project("{FAE04EC0-301F-11D3-BF4B-00C04F79EFBC}") = "M365Collector.Security", "src\M365Collector.Security\M365Collector.Security.csproj", "{CB5FD408-B450-478E-B613-65A05BAD8B82}"
EndProject
Project("{FAE04EC0-301F-11D3-BF4B-00C04F79EFBC}") = "M365Collector.GUI", "src\M365Collector.GUI\M365Collector.GUI.csproj", "{4CCE2412-35BC-443A-92A8-D49A1F33DD3C}"
EndProject
Project("{FAE04EC0-301F-11D3-BF4B-00C04F79EFBC}") = "M365Collector.Storage", "src\M365Collector.Storage\M365Collector.Storage.csproj", "{3A46F0D8-826D-4B7A-BD05-ABD24419C266}"
EndProject
Project("{FAE04EC0-301F-11D3-BF4B-00C04F79EFBC}") = "M365Collector.Modules.TenantIdentity", "src\M365Collector.Modules.TenantIdentity\M365Collector.Modules.TenantIdentity.csproj", "{012957D2-C8A7-478A-ADE2-C1FCB774DD6C}"
EndProject
Project("{FAE04EC0-301F-11D3-BF4B-00C04F79EFBC}") = "M365Collector.Service", "src\M365Collector.Service\M365Collector.Service.csproj", "{ABB2808F-22B5-4F79-BF7D-5D8206440127}"
EndProject
Project("{2150E333-8FDC-42A3-9474-1A3956D46DE8}") = "tests", "tests", "{0AB3BF05-4346-4AA6-1389-037BE0695223}"
EndProject
Project("{FAE04EC0-301F-11D3-BF4B-00C04F79EFBC}") = "M365Collector.Tests", "tests\M365Collector.Tests\M365Collector.Tests.csproj", "{6B1D048D-4D30-4652-B627-9608C6DF33FF}"
EndProject
Global
	GlobalSection(SolutionConfigurationPlatforms) = preSolution
		Debug|Any CPU = Debug|Any CPU
		Debug|x64 = Debug|x64
		Debug|x86 = Debug|x86
		Release|Any CPU = Release|Any CPU
		Release|x64 = Release|x64
		Release|x86 = Release|x86
	EndGlobalSection
	GlobalSection(ProjectConfigurationPlatforms) = postSolution
		{2EC702F6-107C-4B07-966E-B43565AA153F}.Debug|Any CPU.ActiveCfg = Debug|Any CPU
		{2EC702F6-107C-4B07-966E-B43565AA153F}.Debug|Any CPU.Build.0 = Debug|Any CPU
		{2EC702F6-107C-4B07-966E-B43565AA153F}.Debug|x64.ActiveCfg = Debug|Any CPU
		{2EC702F6-107C-4B07-966E-B43565AA153F}.Debug|x64.Build.0 = Debug|Any CPU
		{2EC702F6-107C-4B07-966E-B43565AA153F}.Debug|x86.ActiveCfg = Debug|Any CPU
		{2EC702F6-107C-4B07-966E-B43565AA153F}.Debug|x86.Build.0 = Debug|Any CPU
		{2EC702F6-107C-4B07-966E-B43565AA153F}.Release|Any CPU.ActiveCfg = Release|Any CPU
		{2EC702F6-107C-4B07-966E-B43565AA153F}.Release|Any CPU.Build.0 = Release|Any CPU
		{2EC702F6-107C-4B07-966E-B43565AA153F}.Release|x64.ActiveCfg = Release|Any CPU
		{2EC702F6-107C-4B07-966E-B43565AA153F}.Release|x64.Build.0 = Release|Any CPU
		{2EC702F6-107C-4B07-966E-B43565AA153F}.Release|x86.ActiveCfg = Release|Any CPU
		{2EC702F6-107C-4B07-966E-B43565AA153F}.Release|x86.Build.0 = Release|Any CPU
		{D97ECF12-9319-4A34-B5AD-07A09834E5E9}.Debug|Any CPU.ActiveCfg = Debug|Any CPU
		{D97ECF12-9319-4A34-B5AD-07A09834E5E9}.Debug|Any CPU.Build.0 = Debug|Any CPU
		{D97ECF12-9319-4A34-B5AD-07A09834E5E9}.Debug|x64.ActiveCfg = Debug|Any CPU
		{D97ECF12-9319-4A34-B5AD-07A09834E5E9}.Debug|x64.Build.0 = Debug|Any CPU
		{D97ECF12-9319-4A34-B5AD-07A09834E5E9}.Debug|x86.ActiveCfg = Debug|Any CPU
		{D97ECF12-9319-4A34-B5AD-07A09834E5E9}.Debug|x86.Build.0 = Debug|Any CPU
		{D97ECF12-9319-4A34-B5AD-07A09834E5E9}.Release|Any CPU.ActiveCfg = Release|Any CPU
		{D97ECF12-9319-4A34-B5AD-07A09834E5E9}.Release|Any CPU.Build.0 = Release|Any CPU
		{D97ECF12-9319-4A34-B5AD-07A09834E5E9}.Release|x64.ActiveCfg = Release|Any CPU
		{D97ECF12-9319-4A34-B5AD-07A09834E5E9}.Release|x64.Build.0 = Release|Any CPU
		{D97ECF12-9319-4A34-B5AD-07A09834E5E9}.Release|x86.ActiveCfg = Release|Any CPU
		{D97ECF12-9319-4A34-B5AD-07A09834E5E9}.Release|x86.Build.0 = Release|Any CPU
		{D34195AE-7F26-40F6-AC18-D017D3F34E56}.Debug|Any CPU.ActiveCfg = Debug|Any CPU
		{D34195AE-7F26-40F6-AC18-D017D3F34E56}.Debug|Any CPU.Build.0 = Debug|Any CPU
		{D34195AE-7F26-40F6-AC18-D017D3F34E56}.Debug|x64.ActiveCfg = Debug|Any CPU
		{D34195AE-7F26-40F6-AC18-D017D3F34E56}.Debug|x64.Build.0 = Debug|Any CPU
		{D34195AE-7F26-40F6-AC18-D017D3F34E56}.Debug|x86.ActiveCfg = Debug|Any CPU
		{D34195AE-7F26-40F6-AC18-D017D3F34E56}.Debug|x86.Build.0 = Debug|Any CPU
		{D34195AE-7F26-40F6-AC18-D017D3F34E56}.Release|Any CPU.ActiveCfg = Release|Any CPU
		{D34195AE-7F26-40F6-AC18-D017D3F34E56}.Release|Any CPU.Build.0 = Release|Any CPU
		{D34195AE-7F26-40F6-AC18-D017D3F34E56}.Release|x64.ActiveCfg = Release|Any CPU
		{D34195AE-7F26-40F6-AC18-D017D3F34E56}.Release|x64.Build.0 = Release|Any CPU
		{D34195AE-7F26-40F6-AC18-D017D3F34E56}.Release|x86.ActiveCfg = Release|Any CPU
		{D34195AE-7F26-40F6-AC18-D017D3F34E56}.Release|x86.Build.0 = Release|Any CPU
		{CB5FD408-B450-478E-B613-65A05BAD8B82}.Debug|Any CPU.ActiveCfg = Debug|Any CPU
		{CB5FD408-B450-478E-B613-65A05BAD8B82}.Debug|Any CPU.Build.0 = Debug|Any CPU
		{CB5FD408-B450-478E-B613-65A05BAD8B82}.Debug|x64.ActiveCfg = Debug|Any CPU
		{CB5FD408-B450-478E-B613-65A05BAD8B82}.Debug|x64.Build.0 = Debug|Any CPU
		{CB5FD408-B450-478E-B613-65A05BAD8B82}.Debug|x86.ActiveCfg = Debug|Any CPU
		{CB5FD408-B450-478E-B613-65A05BAD8B82}.Debug|x86.Build.0 = Debug|Any CPU
		{CB5FD408-B450-478E-B613-65A05BAD8B82}.Release|Any CPU.ActiveCfg = Release|Any CPU
		{CB5FD408-B450-478E-B613-65A05BAD8B82}.Release|Any CPU.Build.0 = Release|Any CPU
		{CB5FD408-B450-478E-B613-65A05BAD8B82}.Release|x64.ActiveCfg = Release|Any CPU
		{CB5FD408-B450-478E-B613-65A05BAD8B82}.Release|x64.Build.0 = Release|Any CPU
		{CB5FD408-B450-478E-B613-65A05BAD8B82}.Release|x86.ActiveCfg = Release|Any CPU
		{CB5FD408-B450-478E-B613-65A05BAD8B82}.Release|x86.Build.0 = Release|Any CPU
		{4CCE2412-35BC-443A-92A8-D49A1F33DD3C}.Debug|Any CPU.ActiveCfg = Debug|Any CPU
		{4CCE2412-35BC-443A-92A8-D49A1F33DD3C}.Debug|Any CPU.Build.0 = Debug|Any CPU
		{4CCE2412-35BC-443A-92A8-D49A1F33DD3C}.Debug|x64.ActiveCfg = Debug|Any CPU
		{4CCE2412-35BC-443A-92A8-D49A1F33DD3C}.Debug|x64.Build.0 = Debug|Any CPU
		{4CCE2412-35BC-443A-92A8-D49A1F33DD3C}.Debug|x86.ActiveCfg = Debug|Any CPU
		{4CCE2412-35BC-443A-92A8-D49A1F33DD3C}.Debug|x86.Build.0 = Debug|Any CPU
		{4CCE2412-35BC-443A-92A8-D49A1F33DD3C}.Release|Any CPU.ActiveCfg = Release|Any CPU
		{4CCE2412-35BC-443A-92A8-D49A1F33DD3C}.Release|Any CPU.Build.0 = Release|Any CPU
		{4CCE2412-35BC-443A-92A8-D49A1F33DD3C}.Release|x64.ActiveCfg = Release|Any CPU
		{4CCE2412-35BC-443A-92A8-D49A1F33DD3C}.Release|x64.Build.0 = Release|Any CPU
		{4CCE2412-35BC-443A-92A8-D49A1F33DD3C}.Release|x86.ActiveCfg = Release|Any CPU
		{4CCE2412-35BC-443A-92A8-D49A1F33DD3C}.Release|x86.Build.0 = Release|Any CPU
		{3A46F0D8-826D-4B7A-BD05-ABD24419C266}.Debug|Any CPU.ActiveCfg = Debug|Any CPU
		{3A46F0D8-826D-4B7A-BD05-ABD24419C266}.Debug|Any CPU.Build.0 = Debug|Any CPU
		{3A46F0D8-826D-4B7A-BD05-ABD24419C266}.Debug|x64.ActiveCfg = Debug|Any CPU
		{3A46F0D8-826D-4B7A-BD05-ABD24419C266}.Debug|x64.Build.0 = Debug|Any CPU
		{3A46F0D8-826D-4B7A-BD05-ABD24419C266}.Debug|x86.ActiveCfg = Debug|Any CPU
		{3A46F0D8-826D-4B7A-BD05-ABD24419C266}.Debug|x86.Build.0 = Debug|Any CPU
		{3A46F0D8-826D-4B7A-BD05-ABD24419C266}.Release|Any CPU.ActiveCfg = Release|Any CPU
		{3A46F0D8-826D-4B7A-BD05-ABD24419C266}.Release|Any CPU.Build.0 = Release|Any CPU
		{3A46F0D8-826D-4B7A-BD05-ABD24419C266}.Release|x64.ActiveCfg = Release|Any CPU
		{3A46F0D8-826D-4B7A-BD05-ABD24419C266}.Release|x64.Build.0 = Release|Any CPU
		{3A46F0D8-826D-4B7A-BD05-ABD24419C266}.Release|x86.ActiveCfg = Release|Any CPU
		{3A46F0D8-826D-4B7A-BD05-ABD24419C266}.Release|x86.Build.0 = Release|Any CPU
		{012957D2-C8A7-478A-ADE2-C1FCB774DD6C}.Debug|Any CPU.ActiveCfg = Debug|Any CPU
		{012957D2-C8A7-478A-ADE2-C1FCB774DD6C}.Debug|Any CPU.Build.0 = Debug|Any CPU
		{012957D2-C8A7-478A-ADE2-C1FCB774DD6C}.Debug|x64.ActiveCfg = Debug|Any CPU
		{012957D2-C8A7-478A-ADE2-C1FCB774DD6C}.Debug|x64.Build.0 = Debug|Any CPU
		{012957D2-C8A7-478A-ADE2-C1FCB774DD6C}.Debug|x86.ActiveCfg = Debug|Any CPU
		{012957D2-C8A7-478A-ADE2-C1FCB774DD6C}.Debug|x86.Build.0 = Debug|Any CPU
		{012957D2-C8A7-478A-ADE2-C1FCB774DD6C}.Release|Any CPU.ActiveCfg = Release|Any CPU
		{012957D2-C8A7-478A-ADE2-C1FCB774DD6C}.Release|Any CPU.Build.0 = Release|Any CPU
		{012957D2-C8A7-478A-ADE2-C1FCB774DD6C}.Release|x64.ActiveCfg = Release|Any CPU
		{012957D2-C8A7-478A-ADE2-C1FCB774DD6C}.Release|x64.Build.0 = Release|Any CPU
		{012957D2-C8A7-478A-ADE2-C1FCB774DD6C}.Release|x86.ActiveCfg = Release|Any CPU
		{012957D2-C8A7-478A-ADE2-C1FCB774DD6C}.Release|x86.Build.0 = Release|Any CPU
		{ABB2808F-22B5-4F79-BF7D-5D8206440127}.Debug|Any CPU.ActiveCfg = Debug|Any CPU
		{ABB2808F-22B5-4F79-BF7D-5D8206440127}.Debug|Any CPU.Build.0 = Debug|Any CPU
		{ABB2808F-22B5-4F79-BF7D-5D8206440127}.Debug|x64.ActiveCfg = Debug|Any CPU
		{ABB2808F-22B5-4F79-BF7D-5D8206440127}.Debug|x64.Build.0 = Debug|Any CPU
		{ABB2808F-22B5-4F79-BF7D-5D8206440127}.Debug|x86.ActiveCfg = Debug|Any CPU
		{ABB2808F-22B5-4F79-BF7D-5D8206440127}.Debug|x86.Build.0 = Debug|Any CPU
		{ABB2808F-22B5-4F79-BF7D-5D8206440127}.Release|Any CPU.ActiveCfg = Release|Any CPU
		{ABB2808F-22B5-4F79-BF7D-5D8206440127}.Release|Any CPU.Build.0 = Release|Any CPU
		{ABB2808F-22B5-4F79-BF7D-5D8206440127}.Release|x64.ActiveCfg = Release|Any CPU
		{ABB2808F-22B5-4F79-BF7D-5D8206440127}.Release|x64.Build.0 = Release|Any CPU
		{ABB2808F-22B5-4F79-BF7D-5D8206440127}.Release|x86.ActiveCfg = Release|Any CPU
		{ABB2808F-22B5-4F79-BF7D-5D8206440127}.Release|x86.Build.0 = Release|Any CPU
		{6B1D048D-4D30-4652-B627-9608C6DF33FF}.Debug|Any CPU.ActiveCfg = Debug|Any CPU
		{6B1D048D-4D30-4652-B627-9608C6DF33FF}.Debug|Any CPU.Build.0 = Debug|Any CPU
		{6B1D048D-4D30-4652-B627-9608C6DF33FF}.Debug|x64.ActiveCfg = Debug|Any CPU
		{6B1D048D-4D30-4652-B627-9608C6DF33FF}.Debug|x64.Build.0 = Debug|Any CPU
		{6B1D048D-4D30-4652-B627-9608C6DF33FF}.Debug|x86.ActiveCfg = Debug|Any CPU
		{6B1D048D-4D30-4652-B627-9608C6DF33FF}.Debug|x86.Build.0 = Debug|Any CPU
		{6B1D048D-4D30-4652-B627-9608C6DF33FF}.Release|Any CPU.ActiveCfg = Release|Any CPU
		{6B1D048D-4D30-4652-B627-9608C6DF33FF}.Release|Any CPU.Build.0 = Release|Any CPU
		{6B1D048D-4D30-4652-B627-9608C6DF33FF}.Release|x64.ActiveCfg = Release|Any CPU
		{6B1D048D-4D30-4652-B627-9608C6DF33FF}.Release|x64.Build.0 = Release|Any CPU
		{6B1D048D-4D30-4652-B627-9608C6DF33FF}.Release|x86.ActiveCfg = Release|Any CPU
		{6B1D048D-4D30-4652-B627-9608C6DF33FF}.Release|x86.Build.0 = Release|Any CPU
	EndGlobalSection
	GlobalSection(SolutionProperties) = preSolution
		HideSolutionNode = FALSE
	EndGlobalSection
	GlobalSection(NestedProjects) = preSolution
		{2EC702F6-107C-4B07-966E-B43565AA153F} = {827E0CD3-B72D-47B6-A68D-7590B98EB39B}
		{D97ECF12-9319-4A34-B5AD-07A09834E5E9} = {827E0CD3-B72D-47B6-A68D-7590B98EB39B}
		{D34195AE-7F26-40F6-AC18-D017D3F34E56} = {827E0CD3-B72D-47B6-A68D-7590B98EB39B}
		{CB5FD408-B450-478E-B613-65A05BAD8B82} = {827E0CD3-B72D-47B6-A68D-7590B98EB39B}
		{4CCE2412-35BC-443A-92A8-D49A1F33DD3C} = {827E0CD3-B72D-47B6-A68D-7590B98EB39B}
		{3A46F0D8-826D-4B7A-BD05-ABD24419C266} = {827E0CD3-B72D-47B6-A68D-7590B98EB39B}
		{012957D2-C8A7-478A-ADE2-C1FCB774DD6C} = {827E0CD3-B72D-47B6-A68D-7590B98EB39B}
		{ABB2808F-22B5-4F79-BF7D-5D8206440127} = {827E0CD3-B72D-47B6-A68D-7590B98EB39B}
		{6B1D048D-4D30-4652-B627-9608C6DF33FF} = {0AB3BF05-4346-4AA6-1389-037BE0695223}
	EndGlobalSection
EndGlobal
