{
  "version": 1,
  "dependencies": {
    "net10.0-windows7.0": {
      "Microsoft.Identity.Client": {
        "type": "Direct",
        "requested": "[4.90.0, )",
        "resolved": "4.90.0",
        "contentHash": "oc5A0jmu083T3OW1JVYMrM1rekIL8SkBRB/byMMQjFuYlRZsMh3wDeCwwrz9sGI6XlP5BIqO7XWgjPpF3reF5A==",
        "dependencies": {
          "Microsoft.IdentityModel.Abstractions": "8.14.0"
        }
      },
      "Microsoft.IdentityModel.Abstractions": {
        "type": "Transitive",
        "resolved": "8.14.0",
        "contentHash": "iwbCpSjD3ehfTwBhtSNEtKPK0ICun6ov7Ibx6ISNA9bfwIyzI2Siwyi9eJFCJBwxowK9xcA1mj+jBWiigeqgcQ=="
      },
      "m365collector.contracts": {
        "type": "Project"
      },
      "m365collector.core": {
        "type": "Project",
        "dependencies": {
          "M365Collector.Contracts": "[0.1.0, )"
        }
      },
      "m365collector.security": {
        "type": "Project",
        "dependencies": {
          "M365Collector.Contracts": "[0.1.0, )"
        }
      }
    },
    "net10.0-windows7.0/win-x64": {}
  }
}